// !$*UTF8*$!
{
	archiveVersion = 1;
	classes = {
	};
	objectVersion = 50;
	objects = {

/* Begin PBXBuildFile section */
		8E2FCDC422A8AB06001C6651 /* AppDelegate.swift in Sources */ = {isa = PBXBuildFile; fileRef = 8E2FCDC322A8AB06001C6651 /* AppDelegate.swift */; };
		8E2FCDC622A8AB07001C6651 /* ViewController.swift in Sources */ = {isa = PBXBuildFile; fileRef = 8E2FCDC522A8AB07001C6651 /* ViewController.swift */; };
		8E2FCDC922A8AB07001C6651 /* Main.storyboard in Resources */ = {isa = PBXBuildFile; fileRef = 8E2FCDC722A8AB07001C6651 /* Main.storyboard */; };
		8E2FCDCB22A8AB09001C6651 /* Assets.xcassets in Resources */ = {isa = PBXBuildFile; fileRef = 8E2FCDCA22A8AB09001C6651 /* Assets.xcassets */; };
		8E2FCDCE22A8AB09001C6651 /* LaunchScreen.storyboard in Resources */ = {isa = PBXBuildFile; fileRef = 8E2FCDCC22A8AB09001C6651 /* LaunchScreen.storyboard */; };
		8E2FCDD322A8AB0A001C6651 /* ActivityRecord WatchKit App.app in Embed Watch Content */ = {isa = PBXBuildFile; fileRef = 8E2FCDD222A8AB0A001C6651 /* ActivityRecord WatchKit App.app */; };
		8E2FCDD922A8AB0A001C6651 /* Interface.storyboard in Resources */ = {isa = PBXBuildFile; fileRef = 8E2FCDD722A8AB0A001C6651 /* Interface.storyboard */; };
		8E2FCDDB22A8AB0A001C6651 /* Assets.xcassets in Resources */ = {isa = PBXBuildFile; fileRef = 8E2FCDDA22A8AB0A001C6651 /* Assets.xcassets */; };
		8E2FCDE222A8AB0A001C6651 /* ActivityRecord WatchKit Extension.appex in Embed App Extensions */ = {isa = PBXBuildFile; fileRef = 8E2FCDE122A8AB0A001C6651 /* ActivityRecord WatchKit Extension.appex */; settings = {ATTRIBUTES = (RemoveHeadersOnCopy, ); }; };
		8E2FCDE722A8AB0A001C6651 /* InterfaceController.swift in Sources */ = {isa = PBXBuildFile; fileRef = 8E2FCDE622A8AB0A001C6651 /* InterfaceController.swift */; };
		8E2FCDE922A8AB0A001C6651 /* ExtensionDelegate.swift in Sources */ = {isa = PBXBuildFile; fileRef = 8E2FCDE822A8AB0A001C6651 /* ExtensionDelegate.swift */; };
		8E2FCDEB22A8AB0A001C6651 /* NotificationController.swift in Sources */ = {isa = PBXBuildFile; fileRef = 8E2FCDEA22A8AB0A001C6651 /* NotificationController.swift */; };
		8E2FCDED22A8AB0B001C6651 /* Assets.xcassets in Resources */ = {isa = PBXBuildFile; fileRef = 8E2FCDEC22A8AB0B001C6651 /* Assets.xcassets */; };
/* End PBXBuildFile section */

/* Begin PBXContainerItemProxy section */
		8E2FCDD422A8AB0A001C6651 /* PBXContainerItemProxy */ = {
			isa = PBXContainerItemProxy;
			containerPortal = 8E2FCDB822A8AB06001C6651 /* Project object */;
			proxyType = 1;
			remoteGlobalIDString = 8E2FCDD122A8AB0A001C6651;
			remoteInfo = "ActivityRecord WatchKit App";
		};
		8E2FCDE322A8AB0A001C6651 /* PBXContainerItemProxy */ = {
			isa = PBXContainerItemProxy;
			containerPortal = 8E2FCDB822A8AB06001C6651 /* Project object */;
			proxyType = 1;
			remoteGlobalIDString = 8E2FCDE022A8AB0A001C6651;
			remoteInfo = "ActivityRecord WatchKit Extension";
		};
/* End PBXContainerItemProxy section */

/* Begin PBXCopyFilesBuildPhase section */
		8E2FCDF522A8AB0B001C6651 /* Embed App Extensions */ = {
			isa = PBXCopyFilesBuildPhase;
			buildActionMask = 2147483647;
			dstPath = "";
			dstSubfolderSpec = 13;
			files = (
				8E2FCDE222A8AB0A001C6651 /* ActivityRecord WatchKit Extension.appex in Embed App Extensions */,
			);
			name = "Embed App Extensions";
			runOnlyForDeploymentPostprocessing = 0;
		};
		8E2FCDF922A8AB0B001C6651 /* Embed Watch Content */ = {
			isa = PBXCopyFilesBuildPhase;
			buildActionMask = 2147483647;
			dstPath = "$(CONTENTS_FOLDER_PATH)/Watch";
			dstSubfolderSpec = 16;
			files = (
				8E2FCDD322A8AB0A001C6651 /* ActivityRecord WatchKit App.app in Embed Watch Content */,
			);
			name = "Embed Watch Content";
			runOnlyForDeploymentPostprocessing = 0;
		};
/* End PBXCopyFilesBuildPhase section */

/* Begin PBXFileReference section */
		8E2FCDC022A8AB06001C6651 /* ActivityRecord.app */ = {isa = PBXFileReference; explicitFileType = wrapper.application; includeInIndex = 0; path = ActivityRecord.app; sourceTree = BUILT_PRODUCTS_DIR; };
		8E2FCDC322A8AB06001C6651 /* AppDelegate.swift */ = {isa = PBXFileReference; lastKnownFileType = sourcecode.swift; path = AppDelegate.swift; sourceTree = "<group>"; };
		8E2FCDC522A8AB07001C6651 /* ViewController.swift */ = {isa = PBXFileReference; lastKnownFileType = sourcecode.swift; path = ViewController.swift; sourceTree = "<group>"; };
		8E2FCDC822A8AB07001C6651 /* Base */ = {isa = PBXFileReference; lastKnownFileType = file.storyboard; name = Base; path = Base.lproj/Main.storyboard; sourceTree = "<group>"; };
		8E2FCDCA22A8AB09001C6651 /* Assets.xcassets */ = {isa = PBXFileReference; lastKnownFileType = folder.assetcatalog; path = Assets.xcassets; sourceTree = "<group>"; };
		8E2FCDCD22A8AB09001C6651 /* Base */ = {isa = PBXFileReference; lastKnownFileType = file.storyboard; name = Base; path = Base.lproj/LaunchScreen.storyboard; sourceTree = "<group>"; };
		8E2FCDCF22A8AB09001C6651 /* Info.plist */ = {isa = PBXFileReference; lastKnownFileType = text.plist.xml; path = Info.plist; sourceTree = "<group>"; };
		8E2FCDD222A8AB0A001C6651 /* ActivityRecord WatchKit App.app */ = {isa = PBXFileReference; explicitFileType = wrapper.application; includeInIndex = 0; path = "ActivityRecord WatchKit App.app"; sourceTree = BUILT_PRODUCTS_DIR; };
		8E2FCDD822A8AB0A001C6651 /* Base */ = {isa = PBXFileReference; lastKnownFileType = file.storyboard; name = Base; path = Base.lproj/Interface.storyboard; sourceTree = "<group>"; };
		8E2FCDDA22A8AB0A001C6651 /* Assets.xcassets */ = {isa = PBXFileReference; lastKnownFileType = folder.assetcatalog; path = Assets.xcassets; sourceTree = "<group>"; };
		8E2FCDDC22A8AB0A001C6651 /* Info.plist */ = {isa = PBXFileReference; lastKnownFileType = text.plist.xml; path = Info.plist; sourceTree = "<group>"; };
		8E2FCDE122A8AB0A001C6651 /* ActivityRecord WatchKit Extension.appex */ = {isa = PBXFileReference; explicitFileType = "wrapper.app-extension"; includeInIndex = 0; path = "ActivityRecord WatchKit Extension.appex"; sourceTree = BUILT_PRODUCTS_DIR; };
		8E2FCDE622A8AB0A001C6651 /* InterfaceController.swift */ = {isa = PBXFileReference; lastKnownFileType = sourcecode.swift; path = InterfaceController.swift; sourceTree = "<group>"; };
		8E2FCDE822A8AB0A001C6651 /* ExtensionDelegate.swift */ = {isa = PBXFileReference; lastKnownFileType = sourcecode.swift; path = ExtensionDelegate.swift; sourceTree = "<group>"; };
		8E2FCDEA22A8AB0A001C6651 /* NotificationController.swift */ = {isa = PBXFileReference; lastKnownFileType = sourcecode.swift; path = NotificationController.swift; sourceTree = "<group>"; };
		8E2FCDEC22A8AB0B001C6651 /* Assets.xcassets */ = {isa = PBXFileReference; lastKnownFileType = folder.assetcatalog; path = Assets.xcassets; sourceTree = "<group>"; };
		8E2FCDEE22A8AB0B001C6651 /* Info.plist */ = {isa = PBXFileReference; lastKnownFileType = text.plist.xml; path = Info.plist; sourceTree = "<group>"; };
		8E2FCDEF22A8AB0B001C6651 /* PushNotificationPayload.apns */ = {isa = PBXFileReference; lastKnownFileType = text; path = PushNotificationPayload.apns; sourceTree = "<group>"; };
/* End PBXFileReference section */

/* Begin PBXFrameworksBuildPhase section */
		8E2FCDBD22A8AB06001C6651 /* Frameworks */ = {
			isa = PBXFrameworksBuildPhase;
			buildActionMask = 2147483647;
			files = (
			);
			runOnlyForDeploymentPostprocessing = 0;
		};
		8E2FCDDE22A8AB0A001C6651 /* Frameworks */ = {
			isa = PBXFrameworksBuildPhase;
			buildActionMask = 2147483647;
			files = (
			);
			runOnlyForDeploymentPostprocessing = 0;
		};
/* End PBXFrameworksBuildPhase section */

/* Begin PBXGroup section */
		8E2FCDB722A8AB06001C6651 = {
			isa = PBXGroup;
			children = (
				8E2FCDC222A8AB06001C6651 /* ActivityRecord */,
				8E2FCDD622A8AB0A001C6651 /* ActivityRecord WatchKit App */,
				8E2FCDE522A8AB0A001C6651 /* ActivityRecord WatchKit Extension */,
				8E2FCDC122A8AB06001C6651 /* Products */,
			);
			sourceTree = "<group>";
		};
		8E2FCDC122A8AB06001C6651 /* Products */ = {
			isa = PBXGroup;
			children = (
				8E2FCDC022A8AB06001C6651 /* ActivityRecord.app */,
				8E2FCDD222A8AB0A001C6651 /* ActivityRecord WatchKit App.app */,
				8E2FCDE122A8AB0A001C6651 /* ActivityRecord WatchKit Extension.appex */,
			);
			name = Products;
			sourceTree = "<group>";
		};
		8E2FCDC222A8AB06001C6651 /* ActivityRecord */ = {
			isa = PBXGroup;
			children = (
				8E2FCDC322A8AB06001C6651 /* AppDelegate.swift */,
				8E2FCDC522A8AB07001C6651 /* ViewController.swift */,
				8E2FCDC722A8AB07001C6651 /* Main.storyboard */,
				8E2FCDCA22A8AB09001C6651 /* Assets.xcassets */,
				8E2FCDCC22A8AB09001C6651 /* LaunchScreen.storyboard */,
				8E2FCDCF22A8AB09001C6651 /* Info.plist */,
			);
			path = ActivityRecord;
			sourceTree = "<group>";
		};
		8E2FCDD622A8AB0A001C6651 /* ActivityRecord WatchKit App */ = {
			isa = PBXGroup;
			children = (
				8E2FCDD722A8AB0A001C6651 /* Interface.storyboard */,
				8E2FCDDA22A8AB0A001C6651 /* Assets.xcassets */,
				8E2FCDDC22A8AB0A001C6651 /* Info.plist */,
			);
			path = "ActivityRecord WatchKit App";
			sourceTree = "<group>";
		};
		8E2FCDE522A8AB0A001C6651 /* ActivityRecord WatchKit Extension */ = {
			isa = PBXGroup;
			children = (
				8E2FCDE622A8AB0A001C6651 /* InterfaceController.swift */,
				8E2FCDE822A8AB0A001C6651 /* ExtensionDelegate.swift */,
				8E2FCDEA22A8AB0A001C6651 /* NotificationController.swift */,
				8E2FCDEC22A8AB0B001C6651 /* Assets.xcassets */,
				8E2FCDEE22A8AB0B001C6651 /* Info.plist */,
				8E2FCDEF22A8AB0B001C6651 /* PushNotificationPayload.apns */,
			);
			path = "ActivityRecord WatchKit Extension";
			sourceTree = "<group>";
		};
/* End PBXGroup section */

/* Begin PBXNativeTarget section */
		8E2FCDBF22A8AB06001C6651 /* ActivityRecord */ = {
			isa = PBXNativeTarget;
			buildConfigurationList = 8E2FCDFA22A8AB0B001C6651 /* Build configuration list for PBXNativeTarget "ActivityRecord" */;
			buildPhases = (
				8E2FCDBC22A8AB06001C6651 /* Sources */,
				8E2FCDBD22A8AB06001C6651 /* Frameworks */,
				8E2FCDBE22A8AB06001C6651 /* Resources */,
				8E2FCDF922A8AB0B001C6651 /* Embed Watch Content */,
			);
			buildRules = (
			);
			dependencies = (
				8E2FCDD522A8AB0A001C6651 /* PBXTargetDependency */,
			);
			name = ActivityRecord;
			productName = ActivityRecord;
			productReference = 8E2FCDC022A8AB06001C6651 /* ActivityRecord.app */;
			productType = "com.apple.product-type.application";
		};
		8E2FCDD122A8AB0A001C6651 /* ActivityRecord WatchKit App */ = {
			isa = PBXNativeTarget;
			buildConfigurationList = 8E2FCDF622A8AB0B001C6651 /* Build configuration list for PBXNativeTarget "ActivityRecord WatchKit App" */;
			buildPhases = (
				8E2FCDD022A8AB0A001C6651 /* Resources */,
				8E2FCDF522A8AB0B001C6651 /* Embed App Extensions */,
			);
			buildRules = (
			);
			dependencies = (
				8E2FCDE422A8AB0A001C6651 /* PBXTargetDependency */,
			);
			name = "ActivityRecord WatchKit App";
			productName = "ActivityRecord WatchKit App";
			productReference = 8E2FCDD222A8AB0A001C6651 /* ActivityRecord WatchKit App.app */;
			productType = "com.apple.product-type.application.watchapp2";
		};
		8E2FCDE022A8AB0A001C6651 /* ActivityRecord WatchKit Extension */ = {
			isa = PBXNativeTarget;
			buildConfigurationList = 8E2FCDF222A8AB0B001C6651 /* Build configuration list for PBXNativeTarget "ActivityRecord WatchKit Extension" */;
			buildPhases = (
				8E2FCDDD22A8AB0A001C6651 /* Sources */,
				8E2FCDDE22A8AB0A001C6651 /* Frameworks */,
				8E2FCDDF22A8AB0A001C6651 /* Resources */,
			);
			buildRules = (
			);
			dependencies = (
			);
			name = "ActivityRecord WatchKit Extension";
			productName = "ActivityRecord WatchKit Extension";
			productReference = 8E2FCDE122A8AB0A001C6651 /* ActivityRecord WatchKit Extension.appex */;
			productType = "com.apple.product-type.watchkit2-extension";
		};
/* End PBXNativeTarget section */

/* Begin PBXProject section */
		8E2FCDB822A8AB06001C6651 /* Project object */ = {
			isa = PBXProject;
			attributes = {
				LastSwiftUpdateCheck = 1010;
				LastUpgradeCheck = 1010;
				ORGANIZATIONNAME = "Sirat Samyoun";
				TargetAttributes = {
					8E2FCDBF22A8AB06001C6651 = {
						CreatedOnToolsVersion = 10.1;
					};
					8E2FCDD122A8AB0A001C6651 = {
						CreatedOnToolsVersion = 10.1;
					};
					8E2FCDE022A8AB0A001C6651 = {
						CreatedOnToolsVersion = 10.1;
					};
				};
			};
			buildConfigurationList = 8E2FCDBB22A8AB06001C6651 /* Build configuration list for PBXProject "ActivityRecord" */;
			compatibilityVersion = "Xcode 9.3";
			developmentRegion = en;
			hasScannedForEncodings = 0;
			knownRegions = (
				en,
				Base,
			);
			mainGroup = 8E2FCDB722A8AB06001C6651;
			productRefGroup = 8E2FCDC122A8AB06001C6651 /* Products */;
			projectDirPath = "";
			projectRoot = "";
			targets = (
				8E2FCDBF22A8AB06001C6651 /* ActivityRecord */,
				8E2FCDD122A8AB0A001C6651 /* ActivityRecord WatchKit App */,
				8E2FCDE022A8AB0A001C6651 /* ActivityRecord WatchKit Extension */,
			);
		};
/* End PBXProject section */

/* Begin PBXResourcesBuildPhase section */
		8E2FCDBE22A8AB06001C6651 /* Resources */ = {
			isa = PBXResourcesBuildPhase;
			buildActionMask = 2147483647;
			files = (
				8E2FCDCE22A8AB09001C6651 /* LaunchScreen.storyboard in Resources */,
				8E2FCDCB22A8AB09001C6651 /* Assets.xcassets in Resources */,
				8E2FCDC922A8AB07001C6651 /* Main.storyboard in Resources */,
			);
			runOnlyForDeploymentPostprocessing = 0;
		};
		8E2FCDD022A8AB0A001C6651 /* Resources */ = {
			isa = PBXResourcesBuildPhase;
			buildActionMask = 2147483647;
			files = (
				8E2FCDDB22A8AB0A001C6651 /* Assets.xcassets in Resources */,
				8E2FCDD922A8AB0A001C6651 /* Interface.storyboard in Resources */,
			);
			runOnlyForDeploymentPostprocessing = 0;
		};
		8E2FCDDF22A8AB0A001C6651 /* Resources */ = {
			isa = PBXResourcesBuildPhase;
			buildActionMask = 2147483647;
			files = (
				8E2FCDED22A8AB0B001C6651 /* Assets.xcassets in Resources */,
			);
			runOnlyForDeploymentPostprocessing = 0;
		};
/* End PBXResourcesBuildPhase section */

/* Begin PBXSourcesBuildPhase section */
		8E2FCDBC22A8AB06001C6651 /* Sources */ = {
			isa = PBXSourcesBuildPhase;
			buildActionMask = 2147483647;
			files = (
				8E2FCDC622A8AB07001C6651 /* ViewController.swift in Sources */,
				8E2FCDC422A8AB06001C6651 /* AppDelegate.swift in Sources */,
			);
			runOnlyForDeploymentPostprocessing = 0;
		};
		8E2FCDDD22A8AB0A001C6651 /* Sources */ = {
			isa = PBXSourcesBuildPhase;
			buildActionMask = 2147483647;
			files = (
				8E2FCDEB22A8AB0A001C6651 /* NotificationController.swift in Sources */,
				8E2FCDE922A8AB0A001C6651 /* ExtensionDelegate.swift in Sources */,
				8E2FCDE722A8AB0A001C6651 /* InterfaceController.swift in Sources */,
			);
			runOnlyForDeploymentPostprocessing = 0;
		};
/* End PBXSourcesBuildPhase section */

/* Begin PBXTargetDependency section */
		8E2FCDD522A8AB0A001C6651 /* PBXTargetDependency */ = {
			isa = PBXTargetDependency;
			target = 8E2FCDD122A8AB0A001C6651 /* ActivityRecord WatchKit App */;
			targetProxy = 8E2FCDD422A8AB0A001C6651 /* PBXContainerItemProxy */;
		};
		8E2FCDE422A8AB0A001C6651 /* PBXTargetDependency */ = {
			isa = PBXTargetDependency;
			target = 8E2FCDE022A8AB0A001C6651 /* ActivityRecord WatchKit Extension */;
			targetProxy = 8E2FCDE322A8AB0A001C6651 /* PBXContainerItemProxy */;
		};
/* End PBXTargetDependency section */

/* Begin PBXVariantGroup section */
		8E2FCDC722A8AB07001C6651 /* Main.storyboard */ = {
			isa = PBXVariantGroup;
			children = (
				8E2FCDC822A8AB07001C6651 /* Base */,
			);
			name = Main.storyboard;
			sourceTree = "<group>";
		};
		8E2FCDCC22A8AB09001C6651 /* LaunchScreen.storyboard */ = {
			isa = PBXVariantGroup;
			children = (
				8E2FCDCD22A8AB09001C6651 /* Base */,
			);
			name = LaunchScreen.storyboard;
			sourceTree = "<group>";
		};
		8E2FCDD722A8AB0A001C6651 /* Interface.storyboard */ = {
			isa = PBXVariantGroup;
			children = (
				8E2FCDD822A8AB0A001C6651 /* Base */,
			);
			name = Interface.storyboard;
			sourceTree = "<group>";
		};
/* End PBXVariantGroup section */

/* Begin XCBuildConfiguration section */
		8E2FCDF022A8AB0B001C6651 /* Debug */ = {
			isa = XCBuildConfiguration;
			buildSettings = {
				ALWAYS_SEARCH_USER_PATHS = NO;
				CLANG_ANALYZER_NONNULL = YES;
				CLANG_ANALYZER_NUMBER_OBJECT_CONVERSION = YES_AGGRESSIVE;
				CLANG_CXX_LANGUAGE_STANDARD = "gnu++14";
				CLANG_CXX_LIBRARY = "libc++";
				CLANG_ENABLE_MODULES = YES;
				CLANG_ENABLE_OBJC_ARC = YES;
				CLANG_ENABLE_OBJC_WEAK = YES;
				CLANG_WARN_BLOCK_CAPTURE_AUTORELEASING = YES;
				CLANG_WARN_BOOL_CONVERSION = YES;
				CLANG_WARN_COMMA = YES;
				CLANG_WARN_CONSTANT_CONVERSION = YES;
				CLANG_WARN_DEPRECATED_OBJC_IMPLEMENTATIONS = YES;
				CLANG_WARN_DIRECT_OBJC_ISA_USAGE = YES_ERROR;
				CLANG_WARN_DOCUMENTATION_COMMENTS = YES;
				CLANG_WARN_EMPTY_BODY = YES;
				CLANG_WARN_ENUM_CONVERSION = YES;
				CLANG_WARN_INFINITE_RECURSION = YES;
				CLANG_WARN_INT_CONVERSION = YES;
				CLANG_WARN_NON_LITERAL_NULL_CONVERSION = YES;
				CLANG_WARN_OBJC_IMPLICIT_RETAIN_SELF = YES;
				CLANG_WARN_OBJC_LITERAL_CONVERSION = YES;
				CLANG_WARN_OBJC_ROOT_CLASS = YES_ERROR;
				CLANG_WARN_RANGE_LOOP_ANALYSIS = YES;
				CLANG_WARN_STRICT_PROTOTYPES = YES;
				CLANG_WARN_SUSPICIOUS_MOVE = YES;
				CLANG_WARN_UNGUARDED_AVAILABILITY = YES_AGGRESSIVE;
				CLANG_WARN_UNREACHABLE_CODE = YES;
				CLANG_WARN__DUPLICATE_METHOD_MATCH = YES;
				CODE_SIGN_IDENTITY = "iPhone Developer";
				COPY_PHASE_STRIP = NO;
				DEBUG_INFORMATION_FORMAT = dwarf;
				ENABLE_STRICT_OBJC_MSGSEND = YES;
				ENABLE_TESTABILITY = YES;
				GCC_C_LANGUAGE_STANDARD = gnu11;
				GCC_DYNAMIC_NO_PIC = NO;
				GCC_NO_COMMON_BLOCKS = YES;
				GCC_OPTIMIZATION_LEVEL = 0;
				GCC_PREPROCESSOR_DEFINITIONS = (
					"DEBUG=1",
					"$(inherited)",
				);
				GCC_WARN_64_TO_32_BIT_CONVERSION = YES;
				GCC_WARN_ABOUT_RETURN_TYPE = YES_ERROR;
				GCC_WARN_UNDECLARED_SELECTOR = YES;
				GCC_WARN_UNINITIALIZED_AUTOS = YES_AGGRESSIVE;
				GCC_WARN_UNUSED_FUNCTION = YES;
				GCC_WARN_UNUSED_VARIABLE = YES;
				IPHONEOS_DEPLOYMENT_TARGET = 12.1;
				MTL_ENABLE_DEBUG_INFO = INCLUDE_SOURCE;
				MTL_FAST_MATH = YES;
				ONLY_ACTIVE_ARCH = YES;
				SDKROOT = iphoneos;
				SWIFT_ACTIVE_COMPILATION_CONDITIONS = DEBUG;
				SWIFT_OPTIMIZATION_LEVEL = "-Onone";
			};
			name = Debug;
		};
		8E2FCDF122A8AB0B001C6651 /* Release */ = {
			isa = XCBuildConfiguration;
			buildSettings = {
				ALWAYS_SEARCH_USER_PATHS = NO;
				CLANG_ANALYZER_NONNULL = YES;
				CLANG_ANALYZER_NUMBER_OBJECT_CONVERSION = YES_AGGRESSIVE;
				CLANG_CXX_LANGUAGE_STANDARD = "gnu++14";
				CLANG_CXX_LIBRARY = "libc++";
				CLANG_ENABLE_MODULES = YES;
				CLANG_ENABLE_OBJC_ARC = YES;
				CLANG_ENABLE_OBJC_WEAK = YES;
				CLANG_WARN_BLOCK_CAPTURE_AUTORELEASING = YES;
				CLANG_WARN_BOOL_CONVERSION = YES;
				CLANG_WARN_COMMA = YES;
				CLANG_WARN_CONSTANT_CONVERSION = YES;
				CLANG_WARN_DEPRECATED_OBJC_IMPLEMENTATIONS = YES;
				CLANG_WARN_DIRECT_OBJC_ISA_USAGE = YES_ERROR;
				CLANG_WARN_DOCUMENTATION_COMMENTS = YES;
				CLANG_WARN_EMPTY_BODY = YES;
				CLANG_WARN_ENUM_CONVERSION = YES;
				CLANG_WARN_INFINITE_RECURSION = YES;
				CLANG_WARN_INT_CONVERSION = YES;
				CLANG_WARN_NON_LITERAL_NULL_CONVERSION = YES;
				CLANG_WARN_OBJC_IMPLICIT_RETAIN_SELF = YES;
				CLANG_WARN_OBJC_LITERAL_CONVERSION = YES;
				CLANG_WARN_OBJC_ROOT_CLASS = YES_ERROR;
				CLANG_WARN_RANGE_LOOP_ANALYSIS = YES;
				CLANG_WARN_STRICT_PROTOTYPES = YES;
				CLANG_WARN_SUSPICIOUS_MOVE = YES;
				CLANG_WARN_UNGUARDED_AVAILABILITY = YES_AGGRESSIVE;
				CLANG_WARN_UNREACHABLE_CODE = YES;
				CLANG_WARN__DUPLICATE_METHOD_MATCH = YES;
				CODE_SIGN_IDENTITY = "iPhone Developer";
				COPY_PHASE_STRIP = NO;
				DEBUG_INFORMATION_FORMAT = "dwarf-with-dsym";
				ENABLE_NS_ASSERTIONS = NO;
				ENABLE_STRICT_OBJC_MSGSEND = YES;
				GCC_C_LANGUAGE_STANDARD = gnu11;
				GCC_NO_COMMON_BLOCKS = YES;
				GCC_WARN_64_TO_32_BIT_CONVERSION = YES;
				GCC_WARN_ABOUT_RETURN_TYPE = YES_ERROR;
				GCC_WARN_UNDECLARED_SELECTOR = YES;
				GCC_WARN_UNINITIALIZED_AUTOS = YES_AGGRESSIVE;
				GCC_WARN_UNUSED_FUNCTION = YES;
				GCC_WARN_UNUSED_VARIABLE = YES;
				IPHONEOS_DEPLOYMENT_TARGET = 12.1;
				MTL_ENABLE_DEBUG_INFO = NO;
				MTL_FAST_MATH = YES;
				SDKROOT = iphoneos;
				SWIFT_COMPILATION_MODE = wholemodule;
				SWIFT_OPTIMIZATION_LEVEL = "-O";
				VALIDATE_PRODUCT = YES;
			};
			name = Release;
		};
		8E2FCDF322A8AB0B001C6651 /* Debug */ = {
			isa = XCBuildConfiguration;
			buildSettings = {
				ASSETCATALOG_COMPILER_COMPLICATION_NAME = Complication;
				CODE_SIGN_STYLE = Automatic;
				DEVELOPMENT_TEAM = 26WZ8ZNC53;
				INFOPLIST_FILE = "ActivityRecord WatchKit Extension/Info.plist";
				LD_RUNPATH_SEARCH_PATHS = (
					"$(inherited)",
					"@executable_path/Frameworks",
					"@executable_path/../../Frameworks",
				);
				PRODUCT_BUNDLE_IDENTIFIER = edu.virginia.cs.sirat.ActivityRecord.watchkitapp.watchkitextension;
				PRODUCT_NAME = "${TARGET_NAME}";
				SDKROOT = watchos;
				SKIP_INSTALL = YES;
				SWIFT_VERSION = 4.2;
				TARGETED_DEVICE_FAMILY = 4;
				WATCHOS_DEPLOYMENT_TARGET = 5.1;
			};
			name = Debug;
		};
		8E2FCDF422A8AB0B001C6651 /* Release */ = {
			isa = XCBuildConfiguration;
			buildSettings = {
				ASSETCATALOG_COMPILER_COMPLICATION_NAME = Complication;
				CODE_SIGN_STYLE = Automatic;
				DEVELOPMENT_TEAM = 26WZ8ZNC53;
				INFOPLIST_FILE = "ActivityRecord WatchKit Extension/Info.plist";
				LD_RUNPATH_SEARCH_PATHS = (
					"$(inherited)",
					"@executable_path/Frameworks",
					"@executable_path/../../Frameworks",
				);
				PRODUCT_BUNDLE_IDENTIFIER = edu.virginia.cs.sirat.ActivityRecord.watchkitapp.watchkitextension;
				PRODUCT_NAME = "${TARGET_NAME}";
				SDKROOT = watchos;
				SKIP_INSTALL = YES;
				SWIFT_VERSION = 4.2;
				TARGETED_DEVICE_FAMILY = 4;
				WATCHOS_DEPLOYMENT_TARGET = 5.1;
			};
			name = Release;
		};
		8E2FCDF722A8AB0B001C6651 /* Debug */ = {
			isa = XCBuildConfiguration;
			buildSettings = {
				ALWAYS_EMBED_SWIFT_STANDARD_LIBRARIES = YES;
				ASSETCATALOG_COMPILER_APPICON_NAME = AppIcon;
				CODE_SIGN_STYLE = Automatic;
				DEVELOPMENT_TEAM = 26WZ8ZNC53;
				IBSC_MODULE = ActivityRecord_WatchKit_Extension;
				INFOPLIST_FILE = "ActivityRecord WatchKit App/Info.plist";
				PRODUCT_BUNDLE_IDENTIFIER = edu.virginia.cs.sirat.ActivityRecord.watchkitapp;
				PRODUCT_NAME = "$(TARGET_NAME)";
				SDKROOT = watchos;
				SKIP_INSTALL = YES;
				SWIFT_VERSION = 4.2;
				TARGETED_DEVICE_FAMILY = 4;
				WATCHOS_DEPLOYMENT_TARGET = 5.1;
			};
			name = Debug;
		};
		8E2FCDF822A8AB0B001C6651 /* Release */ = {
			isa = XCBuildConfiguration;
			buildSettings = {
				ALWAYS_EMBED_SWIFT_STANDARD_LIBRARIES = YES;
				ASSETCATALOG_COMPILER_APPICON_NAME = AppIcon;
				CODE_SIGN_STYLE = Automatic;
				DEVELOPMENT_TEAM = 26WZ8ZNC53;
				IBSC_MODULE = ActivityRecord_WatchKit_Extension;
				INFOPLIST_FILE = "ActivityRecord WatchKit App/Info.plist";
				PRODUCT_BUNDLE_IDENTIFIER = edu.virginia.cs.sirat.ActivityRecord.watchkitapp;
				PRODUCT_NAME = "$(TARGET_NAME)";
				SDKROOT = watchos;
				SKIP_INSTALL = YES;
				SWIFT_VERSION = 4.2;
				TARGETED_DEVICE_FAMILY = 4;
				WATCHOS_DEPLOYMENT_TARGET = 5.1;
			};
			name = Release;
		};
		8E2FCDFB22A8AB0B001C6651 /* Debug */ = {
			isa = XCBuildConfiguration;
			buildSettings = {
				ASSETCATALOG_COMPILER_APPICON_NAME = AppIcon;
				CODE_SIGN_STYLE = Automatic;
				DEVELOPMENT_TEAM = 26WZ8ZNC53;
				INFOPLIST_FILE = ActivityRecord/Info.plist;
				LD_RUNPATH_SEARCH_PATHS = (
					"$(inherited)",
					"@executable_path/Frameworks",
				);
				PRODUCT_BUNDLE_IDENTIFIER = edu.virginia.cs.sirat.ActivityRecord;
				PRODUCT_NAME = "$(TARGET_NAME)";
				SWIFT_VERSION = 4.2;
				TARGETED_DEVICE_FAMILY = "1,2";
			};
			name = Debug;
		};
		8E2FCDFC22A8AB0B001C6651 /* Release */ = {
			isa = XCBuildConfiguration;
			buildSettings = {
				ASSETCATALOG_COMPILER_APPICON_NAME = AppIcon;
				CODE_SIGN_STYLE = Automatic;
				DEVELOPMENT_TEAM = 26WZ8ZNC53;
				INFOPLIST_FILE = ActivityRecord/Info.plist;
				LD_RUNPATH_SEARCH_PATHS = (
					"$(inherited)",
					"@executable_path/Frameworks",
				);
				PRODUCT_BUNDLE_IDENTIFIER = edu.virginia.cs.sirat.ActivityRecord;
				PRODUCT_NAME = "$(TARGET_NAME)";
				SWIFT_VERSION = 4.2;
				TARGETED_DEVICE_FAMILY = "1,2";
			};
			name = Release;
		};
/* End XCBuildConfiguration section */

/* Begin XCConfigurationList section */
		8E2FCDBB22A8AB06001C6651 /* Build configuration list for PBXProject "ActivityRecord" */ = {
			isa = XCConfigurationList;
			buildConfigurations = (
				8E2FCDF022A8AB0B001C6651 /* Debug */,
				8E2FCDF122A8AB0B001C6651 /* Release */,
			);
			defaultConfigurationIsVisible = 0;
			defaultConfigurationName = Release;
		};
		8E2FCDF222A8AB0B001C6651 /* Build configuration list for PBXNativeTarget "ActivityRecord WatchKit Extension" */ = {
			isa = XCConfigurationList;
			buildConfigurations = (
				8E2FCDF322A8AB0B001C6651 /* Debug */,
				8E2FCDF422A8AB0B001C6651 /* Release */,
			);
			defaultConfigurationIsVisible = 0;
			defaultConfigurationName = Release;
		};
		8E2FCDF622A8AB0B001C6651 /* Build configuration list for PBXNativeTarget "ActivityRecord WatchKit App" */ = {
			isa = XCConfigurationList;
			buildConfigurations = (
				8E2FCDF722A8AB0B001C6651 /* Debug */,
				8E2FCDF822A8AB0B001C6651 /* Release */,
			);
			defaultConfigurationIsVisible = 0;
			defaultConfigurationName = Release;
		};
		8E2FCDFA22A8AB0B001C6651 /* Build configuration list for PBXNativeTarget "ActivityRecord" */ = {
			isa = XCConfigurationList;
			buildConfigurations = (
				8E2FCDFB22A8AB0B001C6651 /* Debug */,
				8E2FCDFC22A8AB0B001C6651 /* Release */,
			);
			defaultConfigurationIsVisible = 0;
			defaultConfigurationName = Release;
		};
/* End XCConfigurationList section */
	};
	rootObject = 8E2FCDB822A8AB06001C6651 /* Project object */;
}
